// !$*UTF8*$!
{
	archiveVersion = 1;
	classes = {
	};
	objectVersion = 46;
	objects = {

/* Begin PBXBuildFile section */
		272AA48A18B5CDFE0068E023 /* Security.framework in Frameworks */ = {isa = PBXBuildFile; fileRef = 272AA48918B5CDFE0068E023 /* Security.framework */; };
		272AA49318C6E77F0068E023 /* UINavigationController+Orientation.m in Sources */ = {isa = PBXBuildFile; fileRef = 272AA49218C6E77F0068E023 /* UINavigationController+Orientation.m */; };
		272AA49618C6EBCB0068E023 /* MainMenuViewController.m in Sources */ = {isa = PBXBuildFile; fileRef = 272AA49518C6EBCB0068E023 /* MainMenuViewController.m */; };
		272AA49918C6EBE80068E023 /* DisclaimerViewController.m in Sources */ = {isa = PBXBuildFile; fileRef = 272AA49818C6EBE80068E023 /* DisclaimerViewController.m */; };
		272AA52B18C84E580068E023 /* SigGLKViewController.m in Sources */ = {isa = PBXBuildFile; fileRef = 272AA52A18C84E580068E023 /* SigGLKViewController.m */; };
		27642FEB18A351C900277F24 /* SigConfrimViewController.m in Sources */ = {isa = PBXBuildFile; fileRef = 27642FEA18A351C900277F24 /* SigConfrimViewController.m */; };
		27642FF018A47E6500277F24 /* bg-signature-landscape.png in Resources */ = {isa = PBXBuildFile; fileRef = 27642FEC18A47E6500277F24 /* bg-signature-landscape.png */; };
		27642FF118A47E6500277F24 /* bg-signature-landscape@2x.png in Resources */ = {isa = PBXBuildFile; fileRef = 27642FED18A47E6500277F24 /* bg-signature-landscape@2x.png */; };
		27642FF218A47E6500277F24 /* bg-signature-portrait.png in Resources */ = {isa = PBXBuildFile; fileRef = 27642FEE18A47E6500277F24 /* bg-signature-portrait.png */; };
		27642FF318A47E6500277F24 /* bg-signature-portrait@2x.png in Resources */ = {isa = PBXBuildFile; fileRef = 27642FEF18A47E6500277F24 /* bg-signature-portrait@2x.png */; };
		27B8D78718FB8857001CEED1 /* Credits.rtf in Resources */ = {isa = PBXBuildFile; fileRef = 27B8D78618FB8857001CEED1 /* Credits.rtf */; };
		3F045AE2197B3FCC008F85E0 /* PostAuthenticationHandler.m in Sources */ = {isa = PBXBuildFile; fileRef = 3F045AE1197B3FCC008F85E0 /* PostAuthenticationHandler.m */; };
		3F045AE5197DE968008F85E0 /* AuthenticationToken.m in Sources */ = {isa = PBXBuildFile; fileRef = 3F045AE4197DE968008F85E0 /* AuthenticationToken.m */; };
		3F558BAB18CBA1F5007D531F /* SurveyPageViewController.m in Sources */ = {isa = PBXBuildFile; fileRef = 3F558BAA18CBA1F5007D531F /* SurveyPageViewController.m */; };
		3F558BB418CE9CC6007D531F /* ctagroup_logo.png in Resources */ = {isa = PBXBuildFile; fileRef = 3F558BB318CE9CC6007D531F /* ctagroup_logo.png */; };
		3F558BB718D006A5007D531F /* PITViewController.m in Sources */ = {isa = PBXBuildFile; fileRef = 3F558BB618D006A5007D531F /* PITViewController.m */; };
		3F558BBA18D00991007D531F /* PITSurvey.m in Sources */ = {isa = PBXBuildFile; fileRef = 3F558BB918D00991007D531F /* PITSurvey.m */; };
		3F558BBD18D00F23007D531F /* PITQuestionTableViewCell.m in Sources */ = {isa = PBXBuildFile; fileRef = 3F558BBC18D00F23007D531F /* PITQuestionTableViewCell.m */; };
		3F558BC018DD26F6007D531F /* HttpConnectionHelper.m in Sources */ = {isa = PBXBuildFile; fileRef = 3F558BBF18DD26F6007D531F /* HttpConnectionHelper.m */; };
		3F558BC818DD29C4007D531F /* GetSurveysHandler.m in Sources */ = {isa = PBXBuildFile; fileRef = 3F558BC718DD29C4007D531F /* GetSurveysHandler.m */; };
		3F558BCB18DD3922007D531F /* GetSingleSurveyHandler.m in Sources */ = {isa = PBXBuildFile; fileRef = 3F558BCA18DD3922007D531F /* GetSingleSurveyHandler.m */; };
		3F558BCE18DE1067007D531F /* PostSurveyHandler.m in Sources */ = {isa = PBXBuildFile; fileRef = 3F558BCD18DE1067007D531F /* PostSurveyHandler.m */; };
		3F558BD718DE18AA007D531F /* GetPitHandler.m in Sources */ = {isa = PBXBuildFile; fileRef = 3F558BD618DE18AA007D531F /* GetPitHandler.m */; };
		3F5BBA6D184EF87900156CAD /* SurveyViewController.m in Sources */ = {isa = PBXBuildFile; fileRef = 3F5BBA6C184EF87900156CAD /* SurveyViewController.m */; };
		3F72D7BC18F8E4E80090E7C3 /* Question.m in Sources */ = {isa = PBXBuildFile; fileRef = 3F72D7BB18F8E4E80090E7C3 /* Question.m */; };
		3F72D7BF18F8E7A40090E7C3 /* QuestionNumAnswer.m in Sources */ = {isa = PBXBuildFile; fileRef = 3F72D7BE18F8E7A40090E7C3 /* QuestionNumAnswer.m */; };
		3F72D7C218F8E7EE0090E7C3 /* QuestionTextAnswer.m in Sources */ = {isa = PBXBuildFile; fileRef = 3F72D7C118F8E7EE0090E7C3 /* QuestionTextAnswer.m */; };
		3F7493EB18F0975900C0901E /* PITResponseJSON.m in Sources */ = {isa = PBXBuildFile; fileRef = 3F7493EA18F0975900C0901E /* PITResponseJSON.m */; };
		3F7493F118F3BBEC00C0901E /* ImageUploader.m in Sources */ = {isa = PBXBuildFile; fileRef = 3F7493F018F3BBEC00C0901E /* ImageUploader.m */; };
		3F7493F818F4F90000C0901E /* ImagesContainer.m in Sources */ = {isa = PBXBuildFile; fileRef = 3F7493F718F4F90000C0901E /* ImagesContainer.m */; };
		3F7ABC6318F0575D00D99525 /* PITSubmitter.m in Sources */ = {isa = PBXBuildFile; fileRef = 3F7ABC6218F0575D00D99525 /* PITSubmitter.m */; };
		3F7ABC6618F084F400D99525 /* PostPITHandler.m in Sources */ = {isa = PBXBuildFile; fileRef = 3F7ABC6518F084F400D99525 /* PostPITHandler.m */; };
		3FC22F0A193D7B700049ADDC /* ClientSurveyViewController.m in Sources */ = {isa = PBXBuildFile; fileRef = 3FC22F09193D7B700049ADDC /* ClientSurveyViewController.m */; };
		3FCD0B0E1974BFAF00F7A15E /* MobileCoreServices.framework in Frameworks */ = {isa = PBXBuildFile; fileRef = 3FCD0B0D1974BFAF00F7A15E /* MobileCoreServices.framework */; };
		3FD109D918C2E66A005E4743 /* SurveyDataRow.m in Sources */ = {isa = PBXBuildFile; fileRef = 3FD109D818C2E66A005E4743 /* SurveyDataRow.m */; };
		3FD109DC18C2F2D8005E4743 /* SurveyDataRowContainer.m in Sources */ = {isa = PBXBuildFile; fileRef = 3FD109DB18C2F2D8005E4743 /* SurveyDataRowContainer.m */; };
		3FD109E518C95E27005E4743 /* AlertViewDisplayer.m in Sources */ = {isa = PBXBuildFile; fileRef = 3FD109E418C95E27005E4743 /* AlertViewDisplayer.m */; };
		3FE4FF9218F915F900E47703 /* QuestionDateAnswer.m in Sources */ = {isa = PBXBuildFile; fileRef = 3FE4FF9118F915F900E47703 /* QuestionDateAnswer.m */; };
		3FFE309B188E08DC004A737D /* PhotoViewController.m in Sources */ = {isa = PBXBuildFile; fileRef = 3FFE309A188E08DC004A737D /* PhotoViewController.m */; };
		3FFE30AE18A487A5004A737D /* Survey.m in Sources */ = {isa = PBXBuildFile; fileRef = 3FFE30A918A487A5004A737D /* Survey.m */; };
		3FFE30AF18A487A5004A737D /* SurveyInfo.m in Sources */ = {isa = PBXBuildFile; fileRef = 3FFE30AB18A487A5004A737D /* SurveyInfo.m */; };
		3FFE30B618B091B8004A737D /* SurveyQuestionTableViewCell.m in Sources */ = {isa = PBXBuildFile; fileRef = 3FFE30B518B091B8004A737D /* SurveyQuestionTableViewCell.m */; };
		3FFE30BC18C244F3004A737D /* SurveyQuestions.m in Sources */ = {isa = PBXBuildFile; fileRef = 3FFE30BB18C244F3004A737D /* SurveyQuestions.m */; };
		3FFE30BF18C2498A004A737D /* ClientQuestions.m in Sources */ = {isa = PBXBuildFile; fileRef = 3FFE30BE18C2498A004A737D /* ClientQuestions.m */; };
		3FFE30C518C25E73004A737D /* SurveyResponseJSON.m in Sources */ = {isa = PBXBuildFile; fileRef = 3FFE30C418C25E73004A737D /* SurveyResponseJSON.m */; };
		3FFE30CE18C26355004A737D /* SurveySubmitter.m in Sources */ = {isa = PBXBuildFile; fileRef = 3FFE30CD18C26355004A737D /* SurveySubmitter.m */; };
		940CA4EE1702894400FA5C87 /* blue_button.png in Resources */ = {isa = PBXBuildFile; fileRef = 940CA4ED1702894400FA5C87 /* blue_button.png */; };
		940CA4F01702895000FA5C87 /* orange_button.png in Resources */ = {isa = PBXBuildFile; fileRef = 940CA4EF1702895000FA5C87 /* orange_button.png */; };
		948CBC3516FC8BA000DD4E2B /* UIKit.framework in Frameworks */ = {isa = PBXBuildFile; fileRef = 948CBC3416FC8BA000DD4E2B /* UIKit.framework */; };
		948CBC3716FC8BA000DD4E2B /* Foundation.framework in Frameworks */ = {isa = PBXBuildFile; fileRef = 948CBC3616FC8BA000DD4E2B /* Foundation.framework */; };
		948CBC3916FC8BA000DD4E2B /* CoreGraphics.framework in Frameworks */ = {isa = PBXBuildFile; fileRef = 948CBC3816FC8BA000DD4E2B /* CoreGraphics.framework */; };
		948CBC3F16FC8BA000DD4E2B /* InfoPlist.strings in Resources */ = {isa = PBXBuildFile; fileRef = 948CBC3D16FC8BA000DD4E2B /* InfoPlist.strings */; };
		948CBC4116FC8BA000DD4E2B /* main.m in Sources */ = {isa = PBXBuildFile; fileRef = 948CBC4016FC8BA000DD4E2B /* main.m */; };
		948CBC4516FC8BA000DD4E2B /* HousingAppDelegate.m in Sources */ = {isa = PBXBuildFile; fileRef = 948CBC4416FC8BA000DD4E2B /* HousingAppDelegate.m */; };
		948CBC4716FC8BA000DD4E2B /* Default.png in Resources */ = {isa = PBXBuildFile; fileRef = 948CBC4616FC8BA000DD4E2B /* Default.png */; };
		948CBC4916FC8BA000DD4E2B /* Default@2x.png in Resources */ = {isa = PBXBuildFile; fileRef = 948CBC4816FC8BA000DD4E2B /* Default@2x.png */; };
		948CBC4B16FC8BA000DD4E2B /* Default-568h@2x.png in Resources */ = {isa = PBXBuildFile; fileRef = 948CBC4A16FC8BA000DD4E2B /* Default-568h@2x.png */; };
		948CBC4E16FC8BA000DD4E2B /* MainStoryboard.storyboard in Resources */ = {isa = PBXBuildFile; fileRef = 948CBC4C16FC8BA000DD4E2B /* MainStoryboard.storyboard */; };
		948CBC5116FC8BA000DD4E2B /* HousingViewController.m in Sources */ = {isa = PBXBuildFile; fileRef = 948CBC5016FC8BA000DD4E2B /* HousingViewController.m */; };
		948CBC5D16FC939F00DD4E2B /* housing1000logo.png in Resources */ = {isa = PBXBuildFile; fileRef = 948CBC5C16FC939F00DD4E2B /* housing1000logo.png */; };
		94922FEC17027A3000670EB7 /* Fields.txt in Resources */ = {isa = PBXBuildFile; fileRef = 94922FEB17027A3000670EB7 /* Fields.txt */; };
		A413376FD63940399D7507BB /* libPods.a in Frameworks */ = {isa = PBXBuildFile; fileRef = 259724FD44CA438283C7C306 /* libPods.a */; };
/* End PBXBuildFile section */

/* Begin PBXFileReference section */
		259724FD44CA438283C7C306 /* libPods.a */ = {isa = PBXFileReference; explicitFileType = archive.ar; includeInIndex = 0; path = libPods.a; sourceTree = BUILT_PRODUCTS_DIR; };
		272AA48918B5CDFE0068E023 /* Security.framework */ = {isa = PBXFileReference; lastKnownFileType = wrapper.framework; name = Security.framework; path = System/Library/Frameworks/Security.framework; sourceTree = SDKROOT; };
		272AA49118C6E77F0068E023 /* UINavigationController+Orientation.h */ = {isa = PBXFileReference; fileEncoding = 4; lastKnownFileType = sourcecode.c.h; path = "UINavigationController+Orientation.h"; sourceTree = "<group>"; };
		272AA49218C6E77F0068E023 /* UINavigationController+Orientation.m */ = {isa = PBXFileReference; fileEncoding = 4; lastKnownFileType = sourcecode.c.objc; path = "UINavigationController+Orientation.m"; sourceTree = "<group>"; };
		272AA49418C6EBCB0068E023 /* MainMenuViewController.h */ = {isa = PBXFileReference; fileEncoding = 4; lastKnownFileType = sourcecode.c.h; path = MainMenuViewController.h; sourceTree = "<group>"; };
		272AA49518C6EBCB0068E023 /* MainMenuViewController.m */ = {isa = PBXFileReference; fileEncoding = 4; lastKnownFileType = sourcecode.c.objc; path = MainMenuViewController.m; sourceTree = "<group>"; };
		272AA49718C6EBE80068E023 /* DisclaimerViewController.h */ = {isa = PBXFileReference; fileEncoding = 4; lastKnownFileType = sourcecode.c.h; path = DisclaimerViewController.h; sourceTree = "<group>"; };
		272AA49818C6EBE80068E023 /* DisclaimerViewController.m */ = {isa = PBXFileReference; fileEncoding = 4; lastKnownFileType = sourcecode.c.objc; path = DisclaimerViewController.m; sourceTree = "<group>"; };
		272AA52918C84E580068E023 /* SigGLKViewController.h */ = {isa = PBXFileReference; fileEncoding = 4; lastKnownFileType = sourcecode.c.h; path = SigGLKViewController.h; sourceTree = "<group>"; };
		272AA52A18C84E580068E023 /* SigGLKViewController.m */ = {isa = PBXFileReference; fileEncoding = 4; lastKnownFileType = sourcecode.c.objc; path = SigGLKViewController.m; sourceTree = "<group>"; };
		27642FE918A351C900277F24 /* SigConfrimViewController.h */ = {isa = PBXFileReference; fileEncoding = 4; lastKnownFileType = sourcecode.c.h; path = SigConfrimViewController.h; sourceTree = "<group>"; };
		27642FEA18A351C900277F24 /* SigConfrimViewController.m */ = {isa = PBXFileReference; fileEncoding = 4; lastKnownFileType = sourcecode.c.objc; path = SigConfrimViewController.m; sourceTree = "<group>"; };
		27642FEC18A47E6500277F24 /* bg-signature-landscape.png */ = {isa = PBXFileReference; lastKnownFileType = image.png; path = "bg-signature-landscape.png"; sourceTree = "<group>"; };
		27642FED18A47E6500277F24 /* bg-signature-landscape@2x.png */ = {isa = PBXFileReference; lastKnownFileType = image.png; path = "bg-signature-landscape@2x.png"; sourceTree = "<group>"; };
		27642FEE18A47E6500277F24 /* bg-signature-portrait.png */ = {isa = PBXFileReference; lastKnownFileType = image.png; path = "bg-signature-portrait.png"; sourceTree = "<group>"; };
		27642FEF18A47E6500277F24 /* bg-signature-portrait@2x.png */ = {isa = PBXFileReference; lastKnownFileType = image.png; path = "bg-signature-portrait@2x.png"; sourceTree = "<group>"; };
		27B8D78618FB8857001CEED1 /* Credits.rtf */ = {isa = PBXFileReference; fileEncoding = 4; lastKnownFileType = text.rtf; path = Credits.rtf; sourceTree = "<group>"; };
		3F045AE0197B3FCC008F85E0 /* PostAuthenticationHandler.h */ = {isa = PBXFileReference; fileEncoding = 4; lastKnownFileType = sourcecode.c.h; path = PostAuthenticationHandler.h; sourceTree = "<group>"; };
		3F045AE1197B3FCC008F85E0 /* PostAuthenticationHandler.m */ = {isa = PBXFileReference; fileEncoding = 4; lastKnownFileType = sourcecode.c.objc; path = PostAuthenticationHandler.m; sourceTree = "<group>"; };
		3F045AE3197DE968008F85E0 /* AuthenticationToken.h */ = {isa = PBXFileReference; fileEncoding = 4; lastKnownFileType = sourcecode.c.h; path = AuthenticationToken.h; sourceTree = "<group>"; };
		3F045AE4197DE968008F85E0 /* AuthenticationToken.m */ = {isa = PBXFileReference; fileEncoding = 4; lastKnownFileType = sourcecode.c.objc; path = AuthenticationToken.m; sourceTree = "<group>"; };
		3F558BA918CBA1F5007D531F /* SurveyPageViewController.h */ = {isa = PBXFileReference; fileEncoding = 4; lastKnownFileType = sourcecode.c.h; path = SurveyPageViewController.h; sourceTree = "<group>"; };
		3F558BAA18CBA1F5007D531F /* SurveyPageViewController.m */ = {isa = PBXFileReference; fileEncoding = 4; lastKnownFileType = sourcecode.c.objc; path = SurveyPageViewController.m; sourceTree = "<group>"; };
		3F558BB318CE9CC6007D531F /* ctagroup_logo.png */ = {isa = PBXFileReference; lastKnownFileType = image.png; path = ctagroup_logo.png; sourceTree = "<group>"; };
		3F558BB518D006A5007D531F /* PITViewController.h */ = {isa = PBXFileReference; fileEncoding = 4; lastKnownFileType = sourcecode.c.h; path = PITViewController.h; sourceTree = "<group>"; };
		3F558BB618D006A5007D531F /* PITViewController.m */ = {isa = PBXFileReference; fileEncoding = 4; lastKnownFileType = sourcecode.c.objc; path = PITViewController.m; sourceTree = "<group>"; };
		3F558BB818D00991007D531F /* PITSurvey.h */ = {isa = PBXFileReference; fileEncoding = 4; lastKnownFileType = sourcecode.c.h; path = PITSurvey.h; sourceTree = "<group>"; };
		3F558BB918D00991007D531F /* PITSurvey.m */ = {isa = PBXFileReference; fileEncoding = 4; lastKnownFileType = sourcecode.c.objc; path = PITSurvey.m; sourceTree = "<group>"; };
		3F558BBB18D00F23007D531F /* PITQuestionTableViewCell.h */ = {isa = PBXFileReference; fileEncoding = 4; lastKnownFileType = sourcecode.c.h; path = PITQuestionTableViewCell.h; sourceTree = "<group>"; };
		3F558BBC18D00F23007D531F /* PITQuestionTableViewCell.m */ = {isa = PBXFileReference; fileEncoding = 4; lastKnownFileType = sourcecode.c.objc; path = PITQuestionTableViewCell.m; sourceTree = "<group>"; };
		3F558BBE18DD26F6007D531F /* HttpConnectionHelper.h */ = {isa = PBXFileReference; fileEncoding = 4; lastKnownFileType = sourcecode.c.h; path = HttpConnectionHelper.h; sourceTree = "<group>"; };
		3F558BBF18DD26F6007D531F /* HttpConnectionHelper.m */ = {isa = PBXFileReference; fileEncoding = 4; lastKnownFileType = sourcecode.c.objc; path = HttpConnectionHelper.m; sourceTree = "<group>"; };
		3F558BC418DD28E6007D531F /* HttpHandlerProtocol.h */ = {isa = PBXFileReference; lastKnownFileType = sourcecode.c.h; path = HttpHandlerProtocol.h; sourceTree = "<group>"; };
		3F558BC618DD29C4007D531F /* GetSurveysHandler.h */ = {isa = PBXFileReference; fileEncoding = 4; lastKnownFileType = sourcecode.c.h; path = GetSurveysHandler.h; sourceTree = "<group>"; };
		3F558BC718DD29C4007D531F /* GetSurveysHandler.m */ = {isa = PBXFileReference; fileEncoding = 4; lastKnownFileType = sourcecode.c.objc; path = GetSurveysHandler.m; sourceTree = "<group>"; };
		3F558BC918DD3922007D531F /* GetSingleSurveyHandler.h */ = {isa = PBXFileReference; fileEncoding = 4; lastKnownFileType = sourcecode.c.h; path = GetSingleSurveyHandler.h; sourceTree = "<group>"; };
		3F558BCA18DD3922007D531F /* GetSingleSurveyHandler.m */ = {isa = PBXFileReference; fileEncoding = 4; lastKnownFileType = sourcecode.c.objc; path = GetSingleSurveyHandler.m; sourceTree = "<group>"; };
		3F558BCC18DE1067007D531F /* PostSurveyHandler.h */ = {isa = PBXFileReference; fileEncoding = 4; lastKnownFileType = sourcecode.c.h; path = PostSurveyHandler.h; sourceTree = "<group>"; };
		3F558BCD18DE1067007D531F /* PostSurveyHandler.m */ = {isa = PBXFileReference; fileEncoding = 4; lastKnownFileType = sourcecode.c.objc; path = PostSurveyHandler.m; sourceTree = "<group>"; };
		3F558BD518DE18AA007D531F /* GetPitHandler.h */ = {isa = PBXFileReference; fileEncoding = 4; lastKnownFileType = sourcecode.c.h; path = GetPitHandler.h; sourceTree = "<group>"; };
		3F558BD618DE18AA007D531F /* GetPitHandler.m */ = {isa = PBXFileReference; fileEncoding = 4; lastKnownFileType = sourcecode.c.objc; path = GetPitHandler.m; sourceTree = "<group>"; };
		3F5BBA6B184EF87900156CAD /* SurveyViewController.h */ = {isa = PBXFileReference; fileEncoding = 4; lastKnownFileType = sourcecode.c.h; path = SurveyViewController.h; sourceTree = "<group>"; };
		3F5BBA6C184EF87900156CAD /* SurveyViewController.m */ = {isa = PBXFileReference; fileEncoding = 4; lastKnownFileType = sourcecode.c.objc; path = SurveyViewController.m; sourceTree = "<group>"; };
		3F72D7BA18F8E4E80090E7C3 /* Question.h */ = {isa = PBXFileReference; fileEncoding = 4; lastKnownFileType = sourcecode.c.h; path = Question.h; sourceTree = "<group>"; };
		3F72D7BB18F8E4E80090E7C3 /* Question.m */ = {isa = PBXFileReference; fileEncoding = 4; lastKnownFileType = sourcecode.c.objc; path = Question.m; sourceTree = "<group>"; };
		3F72D7BD18F8E7A40090E7C3 /* QuestionNumAnswer.h */ = {isa = PBXFileReference; fileEncoding = 4; lastKnownFileType = sourcecode.c.h; path = QuestionNumAnswer.h; sourceTree = "<group>"; };
		3F72D7BE18F8E7A40090E7C3 /* QuestionNumAnswer.m */ = {isa = PBXFileReference; fileEncoding = 4; lastKnownFileType = sourcecode.c.objc; path = QuestionNumAnswer.m; sourceTree = "<group>"; };
		3F72D7C018F8E7EE0090E7C3 /* QuestionTextAnswer.h */ = {isa = PBXFileReference; fileEncoding = 4; lastKnownFileType = sourcecode.c.h; path = QuestionTextAnswer.h; sourceTree = "<group>"; };
		3F72D7C118F8E7EE0090E7C3 /* QuestionTextAnswer.m */ = {isa = PBXFileReference; fileEncoding = 4; lastKnownFileType = sourcecode.c.objc; path = QuestionTextAnswer.m; sourceTree = "<group>"; };
		3F7493E918F0975900C0901E /* PITResponseJSON.h */ = {isa = PBXFileReference; fileEncoding = 4; lastKnownFileType = sourcecode.c.h; path = PITResponseJSON.h; sourceTree = "<group>"; };
		3F7493EA18F0975900C0901E /* PITResponseJSON.m */ = {isa = PBXFileReference; fileEncoding = 4; lastKnownFileType = sourcecode.c.objc; path = PITResponseJSON.m; sourceTree = "<group>"; };
		3F7493EF18F3BBEC00C0901E /* ImageUploader.h */ = {isa = PBXFileReference; fileEncoding = 4; lastKnownFileType = sourcecode.c.h; path = ImageUploader.h; sourceTree = "<group>"; };
		3F7493F018F3BBEC00C0901E /* ImageUploader.m */ = {isa = PBXFileReference; fileEncoding = 4; lastKnownFileType = sourcecode.c.objc; path = ImageUploader.m; sourceTree = "<group>"; };
		3F7493F618F4F90000C0901E /* ImagesContainer.h */ = {isa = PBXFileReference; fileEncoding = 4; lastKnownFileType = sourcecode.c.h; path = ImagesContainer.h; sourceTree = "<group>"; };
		3F7493F718F4F90000C0901E /* ImagesContainer.m */ = {isa = PBXFileReference; fileEncoding = 4; lastKnownFileType = sourcecode.c.objc; path = ImagesContainer.m; sourceTree = "<group>"; };
		3F7ABC6118F0575D00D99525 /* PITSubmitter.h */ = {isa = PBXFileReference; fileEncoding = 4; lastKnownFileType = sourcecode.c.h; path = PITSubmitter.h; sourceTree = "<group>"; };
		3F7ABC6218F0575D00D99525 /* PITSubmitter.m */ = {isa = PBXFileReference; fileEncoding = 4; lastKnownFileType = sourcecode.c.objc; path = PITSubmitter.m; sourceTree = "<group>"; };
		3F7ABC6418F084F400D99525 /* PostPITHandler.h */ = {isa = PBXFileReference; fileEncoding = 4; lastKnownFileType = sourcecode.c.h; path = PostPITHandler.h; sourceTree = "<group>"; };
		3F7ABC6518F084F400D99525 /* PostPITHandler.m */ = {isa = PBXFileReference; fileEncoding = 4; lastKnownFileType = sourcecode.c.objc; path = PostPITHandler.m; sourceTree = "<group>"; };
		3FC22F08193D7B700049ADDC /* ClientSurveyViewController.h */ = {isa = PBXFileReference; fileEncoding = 4; lastKnownFileType = sourcecode.c.h; path = ClientSurveyViewController.h; sourceTree = "<group>"; };
		3FC22F09193D7B700049ADDC /* ClientSurveyViewController.m */ = {isa = PBXFileReference; fileEncoding = 4; lastKnownFileType = sourcecode.c.objc; path = ClientSurveyViewController.m; sourceTree = "<group>"; };
		3FCD0B0D1974BFAF00F7A15E /* MobileCoreServices.framework */ = {isa = PBXFileReference; lastKnownFileType = wrapper.framework; name = MobileCoreServices.framework; path = System/Library/Frameworks/MobileCoreServices.framework; sourceTree = SDKROOT; };
		3FD109D718C2E66A005E4743 /* SurveyDataRow.h */ = {isa = PBXFileReference; fileEncoding = 4; lastKnownFileType = sourcecode.c.h; path = SurveyDataRow.h; sourceTree = "<group>"; };
		3FD109D818C2E66A005E4743 /* SurveyDataRow.m */ = {isa = PBXFileReference; fileEncoding = 4; lastKnownFileType = sourcecode.c.objc; path = SurveyDataRow.m; sourceTree = "<group>"; };
		3FD109DA18C2F2D8005E4743 /* SurveyDataRowContainer.h */ = {isa = PBXFileReference; fileEncoding = 4; lastKnownFileType = sourcecode.c.h; path = SurveyDataRowContainer.h; sourceTree = "<group>"; };
		3FD109DB18C2F2D8005E4743 /* SurveyDataRowContainer.m */ = {isa = PBXFileReference; fileEncoding = 4; lastKnownFileType = sourcecode.c.objc; path = SurveyDataRowContainer.m; sourceTree = "<group>"; };
		3FD109E318C95E27005E4743 /* AlertViewDisplayer.h */ = {isa = PBXFileReference; fileEncoding = 4; lastKnownFileType = sourcecode.c.h; path = AlertViewDisplayer.h; sourceTree = "<group>"; };
		3FD109E418C95E27005E4743 /* AlertViewDisplayer.m */ = {isa = PBXFileReference; fileEncoding = 4; lastKnownFileType = sourcecode.c.objc; path = AlertViewDisplayer.m; sourceTree = "<group>"; };
		3FE4FF9018F915F900E47703 /* QuestionDateAnswer.h */ = {isa = PBXFileReference; fileEncoding = 4; lastKnownFileType = sourcecode.c.h; path = QuestionDateAnswer.h; sourceTree = "<group>"; };
		3FE4FF9118F915F900E47703 /* QuestionDateAnswer.m */ = {isa = PBXFileReference; fileEncoding = 4; lastKnownFileType = sourcecode.c.objc; path = QuestionDateAnswer.m; sourceTree = "<group>"; };
		3FFE3099188E08DC004A737D /* PhotoViewController.h */ = {isa = PBXFileReference; fileEncoding = 4; lastKnownFileType = sourcecode.c.h; path = PhotoViewController.h; sourceTree = "<group>"; };
		3FFE309A188E08DC004A737D /* PhotoViewController.m */ = {isa = PBXFileReference; fileEncoding = 4; lastKnownFileType = sourcecode.c.objc; path = PhotoViewController.m; sourceTree = "<group>"; };
		3FFE30A818A487A5004A737D /* Survey.h */ = {isa = PBXFileReference; fileEncoding = 4; lastKnownFileType = sourcecode.c.h; path = Survey.h; sourceTree = "<group>"; };
		3FFE30A918A487A5004A737D /* Survey.m */ = {isa = PBXFileReference; fileEncoding = 4; lastKnownFileType = sourcecode.c.objc; path = Survey.m; sourceTree = "<group>"; };
		3FFE30AA18A487A5004A737D /* SurveyInfo.h */ = {isa = PBXFileReference; fileEncoding = 4; lastKnownFileType = sourcecode.c.h; path = SurveyInfo.h; sourceTree = "<group>"; };
		3FFE30AB18A487A5004A737D /* SurveyInfo.m */ = {isa = PBXFileReference; fileEncoding = 4; lastKnownFileType = sourcecode.c.objc; path = SurveyInfo.m; sourceTree = "<group>"; };
		3FFE30B418B091B8004A737D /* SurveyQuestionTableViewCell.h */ = {isa = PBXFileReference; fileEncoding = 4; lastKnownFileType = sourcecode.c.h; path = SurveyQuestionTableViewCell.h; sourceTree = "<group>"; };
		3FFE30B518B091B8004A737D /* SurveyQuestionTableViewCell.m */ = {isa = PBXFileReference; fileEncoding = 4; lastKnownFileType = sourcecode.c.objc; path = SurveyQuestionTableViewCell.m; sourceTree = "<group>"; };
		3FFE30BA18C244F3004A737D /* SurveyQuestions.h */ = {isa = PBXFileReference; fileEncoding = 4; lastKnownFileType = sourcecode.c.h; path = SurveyQuestions.h; sourceTree = "<group>"; };
		3FFE30BB18C244F3004A737D /* SurveyQuestions.m */ = {isa = PBXFileReference; fileEncoding = 4; lastKnownFileType = sourcecode.c.objc; path = SurveyQuestions.m; sourceTree = "<group>"; };
		3FFE30BD18C2498A004A737D /* ClientQuestions.h */ = {isa = PBXFileReference; fileEncoding = 4; lastKnownFileType = sourcecode.c.h; path = ClientQuestions.h; sourceTree = "<group>"; };
		3FFE30BE18C2498A004A737D /* ClientQuestions.m */ = {isa = PBXFileReference; fileEncoding = 4; lastKnownFileType = sourcecode.c.objc; path = ClientQuestions.m; sourceTree = "<group>"; };
		3FFE30C318C25E73004A737D /* SurveyResponseJSON.h */ = {isa = PBXFileReference; fileEncoding = 4; lastKnownFileType = sourcecode.c.h; path = SurveyResponseJSON.h; sourceTree = "<group>"; };
		3FFE30C418C25E73004A737D /* SurveyResponseJSON.m */ = {isa = PBXFileReference; fileEncoding = 4; lastKnownFileType = sourcecode.c.objc; path = SurveyResponseJSON.m; sourceTree = "<group>"; };
		3FFE30CC18C26355004A737D /* SurveySubmitter.h */ = {isa = PBXFileReference; fileEncoding = 4; lastKnownFileType = sourcecode.c.h; path = SurveySubmitter.h; sourceTree = "<group>"; };
		3FFE30CD18C26355004A737D /* SurveySubmitter.m */ = {isa = PBXFileReference; fileEncoding = 4; lastKnownFileType = sourcecode.c.objc; path = SurveySubmitter.m; sourceTree = "<group>"; };
		4488740D6DDB403186C171EA /* Pods.xcconfig */ = {isa = PBXFileReference; includeInIndex = 1; lastKnownFileType = text.xcconfig; name = Pods.xcconfig; path = Pods/Pods.xcconfig; sourceTree = "<group>"; };
		940CA4ED1702894400FA5C87 /* blue_button.png */ = {isa = PBXFileReference; lastKnownFileType = image.png; path = blue_button.png; sourceTree = "<group>"; };
		940CA4EF1702895000FA5C87 /* orange_button.png */ = {isa = PBXFileReference; lastKnownFileType = image.png; path = orange_button.png; sourceTree = "<group>"; };
		948CBC3116FC8BA000DD4E2B /* Housing1000.app */ = {isa = PBXFileReference; explicitFileType = wrapper.application; includeInIndex = 0; path = Housing1000.app; sourceTree = BUILT_PRODUCTS_DIR; };
		948CBC3416FC8BA000DD4E2B /* UIKit.framework */ = {isa = PBXFileReference; lastKnownFileType = wrapper.framework; name = UIKit.framework; path = System/Library/Frameworks/UIKit.framework; sourceTree = SDKROOT; };
		948CBC3616FC8BA000DD4E2B /* Foundation.framework */ = {isa = PBXFileReference; lastKnownFileType = wrapper.framework; name = Foundation.framework; path = System/Library/Frameworks/Foundation.framework; sourceTree = SDKROOT; };
		948CBC3816FC8BA000DD4E2B /* CoreGraphics.framework */ = {isa = PBXFileReference; lastKnownFileType = wrapper.framework; name = CoreGraphics.framework; path = System/Library/Frameworks/CoreGraphics.framework; sourceTree = SDKROOT; };
		948CBC3C16FC8BA000DD4E2B /* Housing1000-Info.plist */ = {isa = PBXFileReference; lastKnownFileType = text.plist.xml; path = "Housing1000-Info.plist"; sourceTree = "<group>"; };
		948CBC3E16FC8BA000DD4E2B /* en */ = {isa = PBXFileReference; lastKnownFileType = text.plist.strings; name = en; path = en.lproj/InfoPlist.strings; sourceTree = "<group>"; };
		948CBC4016FC8BA000DD4E2B /* main.m */ = {isa = PBXFileReference; lastKnownFileType = sourcecode.c.objc; path = main.m; sourceTree = "<group>"; };
		948CBC4216FC8BA000DD4E2B /* Housing1000-Prefix.pch */ = {isa = PBXFileReference; lastKnownFileType = sourcecode.c.h; path = "Housing1000-Prefix.pch"; sourceTree = "<group>"; };
		948CBC4316FC8BA000DD4E2B /* HousingAppDelegate.h */ = {isa = PBXFileReference; lastKnownFileType = sourcecode.c.h; path = HousingAppDelegate.h; sourceTree = "<group>"; };
		948CBC4416FC8BA000DD4E2B /* HousingAppDelegate.m */ = {isa = PBXFileReference; lastKnownFileType = sourcecode.c.objc; path = HousingAppDelegate.m; sourceTree = "<group>"; };
		948CBC4616FC8BA000DD4E2B /* Default.png */ = {isa = PBXFileReference; lastKnownFileType = image.png; path = Default.png; sourceTree = "<group>"; };
		948CBC4816FC8BA000DD4E2B /* Default@2x.png */ = {isa = PBXFileReference; lastKnownFileType = image.png; path = "Default@2x.png"; sourceTree = "<group>"; };
		948CBC4A16FC8BA000DD4E2B /* Default-568h@2x.png */ = {isa = PBXFileReference; lastKnownFileType = image.png; path = "Default-568h@2x.png"; sourceTree = "<group>"; };
		948CBC4D16FC8BA000DD4E2B /* en */ = {isa = PBXFileReference; lastKnownFileType = file.storyboard; name = en; path = en.lproj/MainStoryboard.storyboard; sourceTree = "<group>"; };
		948CBC4F16FC8BA000DD4E2B /* HousingViewController.h */ = {isa = PBXFileReference; lastKnownFileType = sourcecode.c.h; path = HousingViewController.h; sourceTree = "<group>"; };
		948CBC5016FC8BA000DD4E2B /* HousingViewController.m */ = {isa = PBXFileReference; lastKnownFileType = sourcecode.c.objc; path = HousingViewController.m; sourceTree = "<group>"; };
		948CBC5C16FC939F00DD4E2B /* housing1000logo.png */ = {isa = PBXFileReference; lastKnownFileType = image.png; path = housing1000logo.png; sourceTree = "<group>"; };
		94922FEB17027A3000670EB7 /* Fields.txt */ = {isa = PBXFileReference; fileEncoding = 4; lastKnownFileType = text; path = Fields.txt; sourceTree = "<group>"; };
/* End PBXFileReference section */

/* Begin PBXFrameworksBuildPhase section */
		948CBC2E16FC8BA000DD4E2B /* Frameworks */ = {
			isa = PBXFrameworksBuildPhase;
			buildActionMask = 2147483647;
			files = (
				3FCD0B0E1974BFAF00F7A15E /* MobileCoreServices.framework in Frameworks */,
				272AA48A18B5CDFE0068E023 /* Security.framework in Frameworks */,
				948CBC3516FC8BA000DD4E2B /* UIKit.framework in Frameworks */,
				948CBC3716FC8BA000DD4E2B /* Foundation.framework in Frameworks */,
				948CBC3916FC8BA000DD4E2B /* CoreGraphics.framework in Frameworks */,
				A413376FD63940399D7507BB /* libPods.a in Frameworks */,
			);
			runOnlyForDeploymentPostprocessing = 0;
		};
/* End PBXFrameworksBuildPhase section */

/* Begin PBXGroup section */
		272AA4DE18C83AAD0068E023 /* iPad */ = {
			isa = PBXGroup;
			children = (
			);
			name = iPad;
			sourceTree = "<group>";
		};
		3F558BC518DD2924007D531F /* HTTP */ = {
			isa = PBXGroup;
			children = (
				3F558BC418DD28E6007D531F /* HttpHandlerProtocol.h */,
				3F558BBE18DD26F6007D531F /* HttpConnectionHelper.h */,
				3F558BBF18DD26F6007D531F /* HttpConnectionHelper.m */,
				3F558BC618DD29C4007D531F /* GetSurveysHandler.h */,
				3F558BC718DD29C4007D531F /* GetSurveysHandler.m */,
				3F558BC918DD3922007D531F /* GetSingleSurveyHandler.h */,
				3F558BCA18DD3922007D531F /* GetSingleSurveyHandler.m */,
				3F558BCC18DE1067007D531F /* PostSurveyHandler.h */,
				3F558BCD18DE1067007D531F /* PostSurveyHandler.m */,
				3F558BD518DE18AA007D531F /* GetPitHandler.h */,
				3F558BD618DE18AA007D531F /* GetPitHandler.m */,
				3F7ABC6418F084F400D99525 /* PostPITHandler.h */,
				3F7ABC6518F084F400D99525 /* PostPITHandler.m */,
				3F045AE0197B3FCC008F85E0 /* PostAuthenticationHandler.h */,
				3F045AE1197B3FCC008F85E0 /* PostAuthenticationHandler.m */,
				3F7493EF18F3BBEC00C0901E /* ImageUploader.h */,
				3F7493F018F3BBEC00C0901E /* ImageUploader.m */,
			);
			name = HTTP;
			sourceTree = "<group>";
		};
		3FFE30B718C235D1004A737D /* UI */ = {
			isa = PBXGroup;
			children = (
				948CBC4C16FC8BA000DD4E2B /* MainStoryboard.storyboard */,
				272AA49118C6E77F0068E023 /* UINavigationController+Orientation.h */,
				272AA49218C6E77F0068E023 /* UINavigationController+Orientation.m */,
				272AA52918C84E580068E023 /* SigGLKViewController.h */,
				272AA52A18C84E580068E023 /* SigGLKViewController.m */,
				948CBC4F16FC8BA000DD4E2B /* HousingViewController.h */,
				948CBC5016FC8BA000DD4E2B /* HousingViewController.m */,
				3F558BA918CBA1F5007D531F /* SurveyPageViewController.h */,
				3F558BAA18CBA1F5007D531F /* SurveyPageViewController.m */,
				3FC22F08193D7B700049ADDC /* ClientSurveyViewController.h */,
				3FC22F09193D7B700049ADDC /* ClientSurveyViewController.m */,
				3FFE30B418B091B8004A737D /* SurveyQuestionTableViewCell.h */,
				3FFE30B518B091B8004A737D /* SurveyQuestionTableViewCell.m */,
				3F5BBA6B184EF87900156CAD /* SurveyViewController.h */,
				3F5BBA6C184EF87900156CAD /* SurveyViewController.m */,
				27642FE918A351C900277F24 /* SigConfrimViewController.h */,
				27642FEA18A351C900277F24 /* SigConfrimViewController.m */,
				3FFE3099188E08DC004A737D /* PhotoViewController.h */,
				3FFE309A188E08DC004A737D /* PhotoViewController.m */,
				272AA49418C6EBCB0068E023 /* MainMenuViewController.h */,
				272AA49518C6EBCB0068E023 /* MainMenuViewController.m */,
				272AA49718C6EBE80068E023 /* DisclaimerViewController.h */,
				272AA49818C6EBE80068E023 /* DisclaimerViewController.m */,
				3F558BB518D006A5007D531F /* PITViewController.h */,
				3F558BB618D006A5007D531F /* PITViewController.m */,
				3F558BBB18D00F23007D531F /* PITQuestionTableViewCell.h */,
				3F558BBC18D00F23007D531F /* PITQuestionTableViewCell.m */,
			);
			name = UI;
			sourceTree = "<group>";
		};
		3FFE30B818C23645004A737D /* Data */ = {
			isa = PBXGroup;
			children = (
				3FFE30A818A487A5004A737D /* Survey.h */,
				3FFE30A918A487A5004A737D /* Survey.m */,
				3FFE30AA18A487A5004A737D /* SurveyInfo.h */,
				3FFE30AB18A487A5004A737D /* SurveyInfo.m */,
				3FFE30BA18C244F3004A737D /* SurveyQuestions.h */,
				3FFE30BB18C244F3004A737D /* SurveyQuestions.m */,
				3FFE30BD18C2498A004A737D /* ClientQuestions.h */,
				3FFE30BE18C2498A004A737D /* ClientQuestions.m */,
				3FD109D718C2E66A005E4743 /* SurveyDataRow.h */,
				3FD109D818C2E66A005E4743 /* SurveyDataRow.m */,
				3FD109DA18C2F2D8005E4743 /* SurveyDataRowContainer.h */,
				3FD109DB18C2F2D8005E4743 /* SurveyDataRowContainer.m */,
				3F558BB818D00991007D531F /* PITSurvey.h */,
				3F558BB918D00991007D531F /* PITSurvey.m */,
				3F7493F618F4F90000C0901E /* ImagesContainer.h */,
				3F7493F718F4F90000C0901E /* ImagesContainer.m */,
				3F72D7BA18F8E4E80090E7C3 /* Question.h */,
				3F72D7BB18F8E4E80090E7C3 /* Question.m */,
				3F72D7BD18F8E7A40090E7C3 /* QuestionNumAnswer.h */,
				3F72D7BE18F8E7A40090E7C3 /* QuestionNumAnswer.m */,
				3F72D7C018F8E7EE0090E7C3 /* QuestionTextAnswer.h */,
				3F72D7C118F8E7EE0090E7C3 /* QuestionTextAnswer.m */,
				3FE4FF9018F915F900E47703 /* QuestionDateAnswer.h */,
				3FE4FF9118F915F900E47703 /* QuestionDateAnswer.m */,
				3F045AE3197DE968008F85E0 /* AuthenticationToken.h */,
				3F045AE4197DE968008F85E0 /* AuthenticationToken.m */,
			);
			name = Data;
			sourceTree = "<group>";
		};
		3FFE30B918C243DF004A737D /* Helpers */ = {
			isa = PBXGroup;
			children = (
				3F558BC518DD2924007D531F /* HTTP */,
				3FFE30C318C25E73004A737D /* SurveyResponseJSON.h */,
				3FFE30C418C25E73004A737D /* SurveyResponseJSON.m */,
				3FFE30CC18C26355004A737D /* SurveySubmitter.h */,
				3FFE30CD18C26355004A737D /* SurveySubmitter.m */,
				3FD109E318C95E27005E4743 /* AlertViewDisplayer.h */,
				3FD109E418C95E27005E4743 /* AlertViewDisplayer.m */,
				3F7ABC6118F0575D00D99525 /* PITSubmitter.h */,
				3F7ABC6218F0575D00D99525 /* PITSubmitter.m */,
				3F7493E918F0975900C0901E /* PITResponseJSON.h */,
				3F7493EA18F0975900C0901E /* PITResponseJSON.m */,
			);
			name = Helpers;
			sourceTree = "<group>";
		};
		948CBC2816FC8BA000DD4E2B = {
			isa = PBXGroup;
			children = (
				948CBC3A16FC8BA000DD4E2B /* Housing1000 */,
				948CBC3316FC8BA000DD4E2B /* Frameworks */,
				948CBC3216FC8BA000DD4E2B /* Products */,
				4488740D6DDB403186C171EA /* Pods.xcconfig */,
			);
			sourceTree = "<group>";
		};
		948CBC3216FC8BA000DD4E2B /* Products */ = {
			isa = PBXGroup;
			children = (
				948CBC3116FC8BA000DD4E2B /* Housing1000.app */,
			);
			name = Products;
			sourceTree = "<group>";
		};
		948CBC3316FC8BA000DD4E2B /* Frameworks */ = {
			isa = PBXGroup;
			children = (
				3FCD0B0D1974BFAF00F7A15E /* MobileCoreServices.framework */,
				272AA48918B5CDFE0068E023 /* Security.framework */,
				948CBC3416FC8BA000DD4E2B /* UIKit.framework */,
				948CBC3616FC8BA000DD4E2B /* Foundation.framework */,
				948CBC3816FC8BA000DD4E2B /* CoreGraphics.framework */,
				259724FD44CA438283C7C306 /* libPods.a */,
			);
			name = Frameworks;
			sourceTree = "<group>";
		};
		948CBC3A16FC8BA000DD4E2B /* Housing1000 */ = {
			isa = PBXGroup;
			children = (
				272AA4DE18C83AAD0068E023 /* iPad */,
				3FFE30B918C243DF004A737D /* Helpers */,
				3FFE30B818C23645004A737D /* Data */,
				3FFE30B718C235D1004A737D /* UI */,
				948CBC5916FC932500DD4E2B /* Images */,
				948CBC4316FC8BA000DD4E2B /* HousingAppDelegate.h */,
				948CBC4416FC8BA000DD4E2B /* HousingAppDelegate.m */,
				948CBC3B16FC8BA000DD4E2B /* Supporting Files */,
			);
			path = Housing1000;
			sourceTree = "<group>";
		};
		948CBC3B16FC8BA000DD4E2B /* Supporting Files */ = {
			isa = PBXGroup;
			children = (
				27B8D78618FB8857001CEED1 /* Credits.rtf */,
				94922FEB17027A3000670EB7 /* Fields.txt */,
				948CBC3C16FC8BA000DD4E2B /* Housing1000-Info.plist */,
				948CBC3D16FC8BA000DD4E2B /* InfoPlist.strings */,
				948CBC4016FC8BA000DD4E2B /* main.m */,
				948CBC4216FC8BA000DD4E2B /* Housing1000-Prefix.pch */,
				948CBC4616FC8BA000DD4E2B /* Default.png */,
				948CBC4816FC8BA000DD4E2B /* Default@2x.png */,
				948CBC4A16FC8BA000DD4E2B /* Default-568h@2x.png */,
			);
			name = "Supporting Files";
			sourceTree = "<group>";
		};
		948CBC5916FC932500DD4E2B /* Images */ = {
			isa = PBXGroup;
			children = (
				3F558BB318CE9CC6007D531F /* ctagroup_logo.png */,
				27642FEC18A47E6500277F24 /* bg-signature-landscape.png */,
				27642FED18A47E6500277F24 /* bg-signature-landscape@2x.png */,
				27642FEE18A47E6500277F24 /* bg-signature-portrait.png */,
				27642FEF18A47E6500277F24 /* bg-signature-portrait@2x.png */,
				940CA4EF1702895000FA5C87 /* orange_button.png */,
				940CA4ED1702894400FA5C87 /* blue_button.png */,
				948CBC5C16FC939F00DD4E2B /* housing1000logo.png */,
			);
			name = Images;
			sourceTree = "<group>";
		};
/* End PBXGroup section */

/* Begin PBXNativeTarget section */
		948CBC3016FC8BA000DD4E2B /* Housing1000 */ = {
			isa = PBXNativeTarget;
			buildConfigurationList = 948CBC5416FC8BA000DD4E2B /* Build configuration list for PBXNativeTarget "Housing1000" */;
			buildPhases = (
				8E9B03369BE74D9099543A3F /* Check Pods Manifest.lock */,
				948CBC2D16FC8BA000DD4E2B /* Sources */,
				948CBC2E16FC8BA000DD4E2B /* Frameworks */,
				948CBC2F16FC8BA000DD4E2B /* Resources */,
				0B9FC29D85624C9CB0919CDF /* Copy Pods Resources */,
			);
			buildRules = (
			);
			dependencies = (
			);
			name = Housing1000;
			productName = Housing1000;
			productReference = 948CBC3116FC8BA000DD4E2B /* Housing1000.app */;
			productType = "com.apple.product-type.application";
		};
/* End PBXNativeTarget section */

/* Begin PBXProject section */
		948CBC2916FC8BA000DD4E2B /* Project object */ = {
			isa = PBXProject;
			attributes = {
				CLASSPREFIX = Housing;
				LastUpgradeCheck = 0460;
				ORGANIZATIONNAME = "Group 3";
			};
			buildConfigurationList = 948CBC2C16FC8BA000DD4E2B /* Build configuration list for PBXProject "Housing1000" */;
			compatibilityVersion = "Xcode 3.2";
			developmentRegion = English;
			hasScannedForEncodings = 0;
			knownRegions = (
				en,
			);
			mainGroup = 948CBC2816FC8BA000DD4E2B;
			productRefGroup = 948CBC3216FC8BA000DD4E2B /* Products */;
			projectDirPath = "";
			projectRoot = "";
			targets = (
				948CBC3016FC8BA000DD4E2B /* Housing1000 */,
			);
		};
/* End PBXProject section */

/* Begin PBXResourcesBuildPhase section */
		948CBC2F16FC8BA000DD4E2B /* Resources */ = {
			isa = PBXResourcesBuildPhase;
			buildActionMask = 2147483647;
			files = (
				948CBC3F16FC8BA000DD4E2B /* InfoPlist.strings in Resources */,
				948CBC4716FC8BA000DD4E2B /* Default.png in Resources */,
				948CBC4916FC8BA000DD4E2B /* Default@2x.png in Resources */,
				27642FF018A47E6500277F24 /* bg-signature-landscape.png in Resources */,
				948CBC4B16FC8BA000DD4E2B /* Default-568h@2x.png in Resources */,
				27642FF318A47E6500277F24 /* bg-signature-portrait@2x.png in Resources */,
				27642FF118A47E6500277F24 /* bg-signature-landscape@2x.png in Resources */,
				948CBC4E16FC8BA000DD4E2B /* MainStoryboard.storyboard in Resources */,
				948CBC5D16FC939F00DD4E2B /* housing1000logo.png in Resources */,
				94922FEC17027A3000670EB7 /* Fields.txt in Resources */,
				27B8D78718FB8857001CEED1 /* Credits.rtf in Resources */,
				940CA4EE1702894400FA5C87 /* blue_button.png in Resources */,
				3F558BB418CE9CC6007D531F /* ctagroup_logo.png in Resources */,
				27642FF218A47E6500277F24 /* bg-signature-portrait.png in Resources */,
				940CA4F01702895000FA5C87 /* orange_button.png in Resources */,
			);
			runOnlyForDeploymentPostprocessing = 0;
		};
/* End PBXResourcesBuildPhase section */

/* Begin PBXShellScriptBuildPhase section */
		0B9FC29D85624C9CB0919CDF /* Copy Pods Resources */ = {
			isa = PBXShellScriptBuildPhase;
			buildActionMask = 2147483647;
			files = (
			);
			inputPaths = (
			);
			name = "Copy Pods Resources";
			outputPaths = (
			);
			runOnlyForDeploymentPostprocessing = 0;
			shellPath = /bin/sh;
			shellScript = "\"${SRCROOT}/Pods/Pods-resources.sh\"\n";
			showEnvVarsInLog = 0;
		};
		8E9B03369BE74D9099543A3F /* Check Pods Manifest.lock */ = {
			isa = PBXShellScriptBuildPhase;
			buildActionMask = 2147483647;
			files = (
			);
			inputPaths = (
			);
			name = "Check Pods Manifest.lock";
			outputPaths = (
			);
			runOnlyForDeploymentPostprocessing = 0;
			shellPath = /bin/sh;
			shellScript = "diff \"${PODS_ROOT}/../Podfile.lock\" \"${PODS_ROOT}/Manifest.lock\" > /dev/null\nif [[ $? != 0 ]] ; then\n    cat << EOM\nerror: The sandbox is not in sync with the Podfile.lock. Run 'pod install' or update your CocoaPods installation.\nEOM\n    exit 1\nfi\n";
			showEnvVarsInLog = 0;
		};
/* End PBXShellScriptBuildPhase section */

/* Begin PBXSourcesBuildPhase section */
		948CBC2D16FC8BA000DD4E2B /* Sources */ = {
			isa = PBXSourcesBuildPhase;
			buildActionMask = 2147483647;
			files = (
				3F558BC818DD29C4007D531F /* GetSurveysHandler.m in Sources */,
				3F558BC018DD26F6007D531F /* HttpConnectionHelper.m in Sources */,
				3F558BB718D006A5007D531F /* PITViewController.m in Sources */,
				3FFE30C518C25E73004A737D /* SurveyResponseJSON.m in Sources */,
				3F558BD718DE18AA007D531F /* GetPitHandler.m in Sources */,
				3FFE30B618B091B8004A737D /* SurveyQuestionTableViewCell.m in Sources */,
				3FD109DC18C2F2D8005E4743 /* SurveyDataRowContainer.m in Sources */,
				3FD109D918C2E66A005E4743 /* SurveyDataRow.m in Sources */,
				27642FEB18A351C900277F24 /* SigConfrimViewController.m in Sources */,
				3F558BBA18D00991007D531F /* PITSurvey.m in Sources */,
				3F558BBD18D00F23007D531F /* PITQuestionTableViewCell.m in Sources */,
				272AA49318C6E77F0068E023 /* UINavigationController+Orientation.m in Sources */,
				3FD109E518C95E27005E4743 /* AlertViewDisplayer.m in Sources */,
				3FFE30AE18A487A5004A737D /* Survey.m in Sources */,
				272AA49918C6EBE80068E023 /* DisclaimerViewController.m in Sources */,
				3F558BCE18DE1067007D531F /* PostSurveyHandler.m in Sources */,
				3FFE30BC18C244F3004A737D /* SurveyQuestions.m in Sources */,
				3F558BCB18DD3922007D531F /* GetSingleSurveyHandler.m in Sources */,
				3F72D7C218F8E7EE0090E7C3 /* QuestionTextAnswer.m in Sources */,
				3F72D7BC18F8E4E80090E7C3 /* Question.m in Sources */,
				3F7493F818F4F90000C0901E /* ImagesContainer.m in Sources */,
				3FC22F0A193D7B700049ADDC /* ClientSurveyViewController.m in Sources */,
				3FFE30BF18C2498A004A737D /* ClientQuestions.m in Sources */,
				3FE4FF9218F915F900E47703 /* QuestionDateAnswer.m in Sources */,
				3F045AE5197DE968008F85E0 /* AuthenticationToken.m in Sources */,
				948CBC4116FC8BA000DD4E2B /* main.m in Sources */,
				3F7ABC6318F0575D00D99525 /* PITSubmitter.m in Sources */,
				3F558BAB18CBA1F5007D531F /* SurveyPageViewController.m in Sources */,
				272AA52B18C84E580068E023 /* SigGLKViewController.m in Sources */,
				3FFE30AF18A487A5004A737D /* SurveyInfo.m in Sources */,
				272AA49618C6EBCB0068E023 /* MainMenuViewController.m in Sources */,
				3F7493EB18F0975900C0901E /* PITResponseJSON.m in Sources */,
				948CBC4516FC8BA000DD4E2B /* HousingAppDelegate.m in Sources */,
				3FFE30CE18C26355004A737D /* SurveySubmitter.m in Sources */,
				3F7493F118F3BBEC00C0901E /* ImageUploader.m in Sources */,
				3F045AE2197B3FCC008F85E0 /* PostAuthenticationHandler.m in Sources */,
				3F72D7BF18F8E7A40090E7C3 /* QuestionNumAnswer.m in Sources */,
				3F7ABC6618F084F400D99525 /* PostPITHandler.m in Sources */,
				3FFE309B188E08DC004A737D /* PhotoViewController.m in Sources */,
				3F5BBA6D184EF87900156CAD /* SurveyViewController.m in Sources */,
				948CBC5116FC8BA000DD4E2B /* HousingViewController.m in Sources */,
			);
			runOnlyForDeploymentPostprocessing = 0;
		};
/* End PBXSourcesBuildPhase section */

/* Begin PBXVariantGroup section */
		948CBC3D16FC8BA000DD4E2B /* InfoPlist.strings */ = {
			isa = PBXVariantGroup;
			children = (
				948CBC3E16FC8BA000DD4E2B /* en */,
			);
			name = InfoPlist.strings;
			sourceTree = "<group>";
		};
		948CBC4C16FC8BA000DD4E2B /* MainStoryboard.storyboard */ = {
			isa = PBXVariantGroup;
			children = (
				948CBC4D16FC8BA000DD4E2B /* en */,
			);
			name = MainStoryboard.storyboard;
			sourceTree = "<group>";
		};
/* End PBXVariantGroup section */

/* Begin XCBuildConfiguration section */
		948CBC5216FC8BA000DD4E2B /* Debug */ = {
			isa = XCBuildConfiguration;
			buildSettings = {
				ALWAYS_SEARCH_USER_PATHS = NO;
				CLANG_CXX_LANGUAGE_STANDARD = "gnu++0x";
				CLANG_CXX_LIBRARY = "libc++";
				CLANG_ENABLE_OBJC_ARC = YES;
				CLANG_WARN_CONSTANT_CONVERSION = YES;
				CLANG_WARN_EMPTY_BODY = YES;
				CLANG_WARN_ENUM_CONVERSION = YES;
				CLANG_WARN_INT_CONVERSION = YES;
				CLANG_WARN__DUPLICATE_METHOD_MATCH = YES;
				"CODE_SIGN_IDENTITY[sdk=iphoneos*]" = "iPhone Developer";
				COPY_PHASE_STRIP = NO;
				GCC_C_LANGUAGE_STANDARD = gnu99;
				GCC_DYNAMIC_NO_PIC = NO;
				GCC_OPTIMIZATION_LEVEL = 0;
				GCC_PREPROCESSOR_DEFINITIONS = (
					"DEBUG=1",
					"$(inherited)",
				);
				GCC_SYMBOLS_PRIVATE_EXTERN = NO;
				GCC_WARN_ABOUT_RETURN_TYPE = YES;
				GCC_WARN_UNINITIALIZED_AUTOS = YES;
				GCC_WARN_UNUSED_VARIABLE = YES;
				IPHONEOS_DEPLOYMENT_TARGET = 6.1;
				ONLY_ACTIVE_ARCH = YES;
				SDKROOT = iphoneos;
			};
			name = Debug;
		};
		948CBC5316FC8BA000DD4E2B /* Release */ = {
			isa = XCBuildConfiguration;
			buildSettings = {
				ALWAYS_SEARCH_USER_PATHS = NO;
				CLANG_CXX_LANGUAGE_STANDARD = "gnu++0x";
				CLANG_CXX_LIBRARY = "libc++";
				CLANG_ENABLE_OBJC_ARC = YES;
				CLANG_WARN_CONSTANT_CONVERSION = YES;
				CLANG_WARN_EMPTY_BODY = YES;
				CLANG_WARN_ENUM_CONVERSION = YES;
				CLANG_WARN_INT_CONVERSION = YES;
				CLANG_WARN__DUPLICATE_METHOD_MATCH = YES;
				"CODE_SIGN_IDENTITY[sdk=iphoneos*]" = "iPhone Developer";
				COPY_PHASE_STRIP = YES;
				GCC_C_LANGUAGE_STANDARD = gnu99;
				GCC_WARN_ABOUT_RETURN_TYPE = YES;
				GCC_WARN_UNINITIALIZED_AUTOS = YES;
				GCC_WARN_UNUSED_VARIABLE = YES;
				IPHONEOS_DEPLOYMENT_TARGET = 6.1;
				OTHER_CFLAGS = "-DNS_BLOCK_ASSERTIONS=1";
				SDKROOT = iphoneos;
				VALIDATE_PRODUCT = YES;
			};
			name = Release;
		};
		948CBC5516FC8BA000DD4E2B /* Debug */ = {
			isa = XCBuildConfiguration;
			baseConfigurationReference = 4488740D6DDB403186C171EA /* Pods.xcconfig */;
			buildSettings = {
				GCC_PRECOMPILE_PREFIX_HEADER = YES;
				GCC_PREFIX_HEADER = "Housing1000/Housing1000-Prefix.pch";
				INFOPLIST_FILE = "Housing1000/Housing1000-Info.plist";
				IPHONEOS_DEPLOYMENT_TARGET = 7.0;
				PRODUCT_NAME = "$(TARGET_NAME)";
				TARGETED_DEVICE_FAMILY = 1;
				WRAPPER_EXTENSION = app;
			};
			name = Debug;
		};
		948CBC5616FC8BA000DD4E2B /* Release */ = {
			isa = XCBuildConfiguration;
			baseConfigurationReference = 4488740D6DDB403186C171EA /* Pods.xcconfig */;
			buildSettings = {
				GCC_PRECOMPILE_PREFIX_HEADER = YES;
				GCC_PREFIX_HEADER = "Housing1000/Housing1000-Prefix.pch";
				INFOPLIST_FILE = "Housing1000/Housing1000-Info.plist";
				IPHONEOS_DEPLOYMENT_TARGET = 7.0;
				PRODUCT_NAME = "$(TARGET_NAME)";
				TARGETED_DEVICE_FAMILY = 1;
				WRAPPER_EXTENSION = app;
			};
			name = Release;
		};
/* End XCBuildConfiguration section */

/* Begin XCConfigurationList section */
		948CBC2C16FC8BA000DD4E2B /* Build configuration list for PBXProject "Housing1000" */ = {
			isa = XCConfigurationList;
			buildConfigurations = (
				948CBC5216FC8BA000DD4E2B /* Debug */,
				948CBC5316FC8BA000DD4E2B /* Release */,
			);
			defaultConfigurationIsVisible = 0;
			defaultConfigurationName = Release;
		};
		948CBC5416FC8BA000DD4E2B /* Build configuration list for PBXNativeTarget "Housing1000" */ = {
			isa = XCConfigurationList;
			buildConfigurations = (
				948CBC5516FC8BA000DD4E2B /* Debug */,
				948CBC5616FC8BA000DD4E2B /* Release */,
			);
			defaultConfigurationIsVisible = 0;
			defaultConfigurationName = Release;
		};
/* End XCConfigurationList section */
	};
	rootObject = 948CBC2916FC8BA000DD4E2B /* Project object */;
}
