
Microsoft Visual Studio Solution File, Format Version 12.00
# Visual Studio 2013
VisualStudioVersion = 12.0.31101.0
MinimumVisualStudioVersion = 10.0.40219.1
Project("{FAE04EC0-301F-11D3-BF4B-00C04F79EFBC}") = "SurveyAdmin", "SurveyAdmin\SurveyAdmin.csproj", "{8B575D3E-C300-4130-A4B6-683E9AAE641A}"
EndProject
Project("{FAE04EC0-301F-11D3-BF4B-00C04F79EFBC}") = "CommonLib", "..\CommonLib\CommonLib.csproj", "{5766442B-AD26-4726-AF0D-F448A4187A5B}"
EndProject
Global
	GlobalSection(SolutionConfigurationPlatforms) = preSolution
		Debug|Any CPU = Debug|Any CPU
		Release|Any CPU = Release|Any CPU
	EndGlobalSection
	GlobalSection(ProjectConfigurationPlatforms) = postSolution
		{8B575D3E-C300-4130-A4B6-683E9AAE641A}.Debug|Any CPU.ActiveCfg = Debug|Any CPU
		{8B575D3E-C300-4130-A4B6-683E9AAE641A}.Debug|Any CPU.Build.0 = Debug|Any CPU
		{8B575D3E-C300-4130-A4B6-683E9AAE641A}.Release|Any CPU.ActiveCfg = Release|Any CPU
		{8B575D3E-C300-4130-A4B6-683E9AAE641A}.Release|Any CPU.Build.0 = Release|Any CPU
		{5766442B-AD26-4726-AF0D-F448A4187A5B}.Debug|Any CPU.ActiveCfg = Debug|Any CPU
		{5766442B-AD26-4726-AF0D-F448A4187A5B}.Debug|Any CPU.Build.0 = Debug|Any CPU
		{5766442B-AD26-4726-AF0D-F448A4187A5B}.Release|Any CPU.ActiveCfg = Release|Any CPU
		{5766442B-AD26-4726-AF0D-F448A4187A5B}.Release|Any CPU.Build.0 = Release|Any CPU
	EndGlobalSection
	GlobalSection(SolutionProperties) = preSolution
		HideSolutionNode = FALSE
	EndGlobalSection
	GlobalSection(SubversionScc) = preSolution
		Svn-Managed = True
		Manager = AnkhSVN - Subversion Support for Visual Studio
	EndGlobalSection
EndGlobal
